
Microsoft Visual Studio Solution File, Format Version 12.00
# Visual Studio Version 17
VisualStudioVersion = 17.14.36414.22
MinimumVisualStudioVersion = 10.0.40219.1
Project("{2150E333-8FDC-42A3-9474-1A3956D46DE8}") = "Task0", "Task0", "{02EA681E-C7D8-13C7-8484-4AC65E1B71E8}"
EndProject
Project("{FAE04EC0-301F-11D3-BF4B-00C04F79EFBC}") = "Tyuiu.MedvedevDP.Sprint6.Task0.V16.Lib", "Tyuiu.MedvedevDP.Sprint6.Task0.V16.Lib\Tyuiu.MedvedevDP.Sprint6.Task0.V16.Lib.csproj", "{7FF6B648-6B8B-4C67-BD7D-072F431ACFD7}"
EndProject
Project("{FAE04EC0-301F-11D3-BF4B-00C04F79EFBC}") = "Tyuiu.MedvedevDP.Sprint6.Task0.V16.Test", "Tyuiu.MedvedevDP.Sprint6.Task0.V16.Test\Tyuiu.MedvedevDP.Sprint6.Task0.V16.Test.csproj", "{3448D38B-FDCF-40F4-938A-19C9A98F57F8}"
EndProject
Project("{FAE04EC0-301F-11D3-BF4B-00C04F79EFBC}") = "Tyuiu.MedvedevDP.Sprint6.Task0.V16", "Tyuiu.MedvedevDP.Sprint6.Task0.V16\Tyuiu.MedvedevDP.Sprint6.Task0.V16.csproj", "{1164E13F-6BF5-4C52-BA65-54F0D1E8340B}"
EndProject
Project("{2150E333-8FDC-42A3-9474-1A3956D46DE8}") = "Task1", "Task1", "{49044585-7C44-43FD-9344-2670B982C7B1}"
EndProject
Project("{FAE04EC0-301F-11D3-BF4B-00C04F79EFBC}") = "Tyuiu.MedvedevDP.Sprint6.Task1.V18", "Tyuiu.MedvedevDP.Sprint6.Task1.V18\Tyuiu.MedvedevDP.Sprint6.Task1.V18.csproj", "{99169BFA-932B-46FA-A63B-BE0F9048A95B}"
EndProject
Project("{FAE04EC0-301F-11D3-BF4B-00C04F79EFBC}") = "Tyuiu.MedvedevDP.Sprint6.Task1.V18.Test", "Tyuiu.MedvedevDP.Sprint6.Task1.V18.Test\Tyuiu.MedvedevDP.Sprint6.Task1.V18.Test.csproj", "{AD402630-C95D-4E50-9CE1-9057C95A70EF}"
EndProject
Project("{FAE04EC0-301F-11D3-BF4B-00C04F79EFBC}") = "Tyuiu.MedvedevDP.Sprint6.Task1.V18.Lib", "Tyuiu.MedvedevDP.Sprint6.Task1.V18.Lib\Tyuiu.MedvedevDP.Sprint6.Task1.V18.Lib.csproj", "{F8EC6B69-4DDF-4810-AC8A-6022E9FB4135}"
EndProject
Project("{2150E333-8FDC-42A3-9474-1A3956D46DE8}") = "Task2", "Task2", "{6C69C04A-6011-4EB5-8798-93DCB9AC95CC}"
EndProject
Project("{FAE04EC0-301F-11D3-BF4B-00C04F79EFBC}") = "Tyuiu.MedvedevDP.Sprint6.Task2.V23", "Tyuiu.MedvedevDP.Sprint6.Task2.V23\Tyuiu.MedvedevDP.Sprint6.Task2.V23.csproj", "{7EBB63E3-A1D4-4075-8132-26B6E49BDCFA}"
EndProject
Project("{FAE04EC0-301F-11D3-BF4B-00C04F79EFBC}") = "Tyuiu.MedvedevDP.Sprint6.Task2.V23.Lib", "Tyuiu.MedvedevDP.Sprint6.Task2.V23.Lib\Tyuiu.MedvedevDP.Sprint6.Task2.V23.Lib.csproj", "{E329AFC8-4B63-41F6-B03A-0C6BC1570E50}"
EndProject
Project("{FAE04EC0-301F-11D3-BF4B-00C04F79EFBC}") = "Tyuiu.MedvedevDP.Sprint6.Task2.V23.Test", "Tyuiu.MedvedevDP.Sprint6.Task2.V23.Test\Tyuiu.MedvedevDP.Sprint6.Task2.V23.Test.csproj", "{9DD4E8A9-6C43-4DBD-92E2-0E60AA464AF2}"
EndProject
Project("{2150E333-8FDC-42A3-9474-1A3956D46DE8}") = "Task3", "Task3", "{48D853D0-C240-4F2C-A801-CBADDDEC8F97}"
EndProject
Project("{FAE04EC0-301F-11D3-BF4B-00C04F79EFBC}") = "Tyuiu.MedvedevDP.Sprint6.Task3.V9", "Tyuiu.MedvedevDP.Sprint6.Task3.V9\Tyuiu.MedvedevDP.Sprint6.Task3.V9.csproj", "{831416FC-E90C-4125-A56E-DCCA0F1E1520}"
EndProject
Project("{FAE04EC0-301F-11D3-BF4B-00C04F79EFBC}") = "Tyuiu.MedvedevDP.Sprint6.Task3.V9.Lib", "Tyuiu.MedvedevDP.Sprint6.Task3.V9.Lib\Tyuiu.MedvedevDP.Sprint6.Task3.V9.Lib.csproj", "{ABF78138-9CDF-44F1-9F20-574259B1B5BE}"
EndProject
Project("{FAE04EC0-301F-11D3-BF4B-00C04F79EFBC}") = "Tyuiu.MedvedevDP.Sprint6.Task3.V9.Test", "Tyuiu.MedvedevDP.Sprint6.Task3.V9.Test\Tyuiu.MedvedevDP.Sprint6.Task3.V9.Test.csproj", "{58B2CE41-B9EF-4290-8585-D7A77522FF2E}"
EndProject
Global
	GlobalSection(SolutionConfigurationPlatforms) = preSolution
		Debug|Any CPU = Debug|Any CPU
		Release|Any CPU = Release|Any CPU
	EndGlobalSection
	GlobalSection(ProjectConfigurationPlatforms) = postSolution
		{7FF6B648-6B8B-4C67-BD7D-072F431ACFD7}.Debug|Any CPU.ActiveCfg = Debug|Any CPU
		{7FF6B648-6B8B-4C67-BD7D-072F431ACFD7}.Debug|Any CPU.Build.0 = Debug|Any CPU
		{7FF6B648-6B8B-4C67-BD7D-072F431ACFD7}.Release|Any CPU.ActiveCfg = Release|Any CPU
		{7FF6B648-6B8B-4C67-BD7D-072F431ACFD7}.Release|Any CPU.Build.0 = Release|Any CPU
		{3448D38B-FDCF-40F4-938A-19C9A98F57F8}.Debug|Any CPU.ActiveCfg = Debug|Any CPU
		{3448D38B-FDCF-40F4-938A-19C9A98F57F8}.Debug|Any CPU.Build.0 = Debug|Any CPU
		{3448D38B-FDCF-40F4-938A-19C9A98F57F8}.Release|Any CPU.ActiveCfg = Release|Any CPU
		{3448D38B-FDCF-40F4-938A-19C9A98F57F8}.Release|Any CPU.Build.0 = Release|Any CPU
		{1164E13F-6BF5-4C52-BA65-54F0D1E8340B}.Debug|Any CPU.ActiveCfg = Debug|Any CPU
		{1164E13F-6BF5-4C52-BA65-54F0D1E8340B}.Debug|Any CPU.Build.0 = Debug|Any CPU
		{1164E13F-6BF5-4C52-BA65-54F0D1E8340B}.Release|Any CPU.ActiveCfg = Release|Any CPU
		{1164E13F-6BF5-4C52-BA65-54F0D1E8340B}.Release|Any CPU.Build.0 = Release|Any CPU
		{99169BFA-932B-46FA-A63B-BE0F9048A95B}.Debug|Any CPU.ActiveCfg = Debug|Any CPU
		{99169BFA-932B-46FA-A63B-BE0F9048A95B}.Debug|Any CPU.Build.0 = Debug|Any CPU
		{99169BFA-932B-46FA-A63B-BE0F9048A95B}.Release|Any CPU.ActiveCfg = Release|Any CPU
		{99169BFA-932B-46FA-A63B-BE0F9048A95B}.Release|Any CPU.Build.0 = Release|Any CPU
		{AD402630-C95D-4E50-9CE1-9057C95A70EF}.Debug|Any CPU.ActiveCfg = Debug|Any CPU
		{AD402630-C95D-4E50-9CE1-9057C95A70EF}.Debug|Any CPU.Build.0 = Debug|Any CPU
		{AD402630-C95D-4E50-9CE1-9057C95A70EF}.Release|Any CPU.ActiveCfg = Release|Any CPU
		{AD402630-C95D-4E50-9CE1-9057C95A70EF}.Release|Any CPU.Build.0 = Release|Any CPU
		{F8EC6B69-4DDF-4810-AC8A-6022E9FB4135}.Debug|Any CPU.ActiveCfg = Debug|Any CPU
		{F8EC6B69-4DDF-4810-AC8A-6022E9FB4135}.Debug|Any CPU.Build.0 = Debug|Any CPU
		{F8EC6B69-4DDF-4810-AC8A-6022E9FB4135}.Release|Any CPU.ActiveCfg = Release|Any CPU
		{F8EC6B69-4DDF-4810-AC8A-6022E9FB4135}.Release|Any CPU.Build.0 = Release|Any CPU
		{7EBB63E3-A1D4-4075-8132-26B6E49BDCFA}.Debug|Any CPU.ActiveCfg = Debug|Any CPU
		{7EBB63E3-A1D4-4075-8132-26B6E49BDCFA}.Debug|Any CPU.Build.0 = Debug|Any CPU
		{7EBB63E3-A1D4-4075-8132-26B6E49BDCFA}.Release|Any CPU.ActiveCfg = Release|Any CPU
		{7EBB63E3-A1D4-4075-8132-26B6E49BDCFA}.Release|Any CPU.Build.0 = Release|Any CPU
		{E329AFC8-4B63-41F6-B03A-0C6BC1570E50}.Debug|Any CPU.ActiveCfg = Debug|Any CPU
		{E329AFC8-4B63-41F6-B03A-0C6BC1570E50}.Debug|Any CPU.Build.0 = Debug|Any CPU
		{E329AFC8-4B63-41F6-B03A-0C6BC1570E50}.Release|Any CPU.ActiveCfg = Release|Any CPU
		{E329AFC8-4B63-41F6-B03A-0C6BC1570E50}.Release|Any CPU.Build.0 = Release|Any CPU
		{9DD4E8A9-6C43-4DBD-92E2-0E60AA464AF2}.Debug|Any CPU.ActiveCfg = Debug|Any CPU
		{9DD4E8A9-6C43-4DBD-92E2-0E60AA464AF2}.Debug|Any CPU.Build.0 = Debug|Any CPU
		{9DD4E8A9-6C43-4DBD-92E2-0E60AA464AF2}.Release|Any CPU.ActiveCfg = Release|Any CPU
		{9DD4E8A9-6C43-4DBD-92E2-0E60AA464AF2}.Release|Any CPU.Build.0 = Release|Any CPU
		{831416FC-E90C-4125-A56E-DCCA0F1E1520}.Debug|Any CPU.ActiveCfg = Debug|Any CPU
		{831416FC-E90C-4125-A56E-DCCA0F1E1520}.Debug|Any CPU.Build.0 = Debug|Any CPU
		{831416FC-E90C-4125-A56E-DCCA0F1E1520}.Release|Any CPU.ActiveCfg = Release|Any CPU
		{831416FC-E90C-4125-A56E-DCCA0F1E1520}.Release|Any CPU.Build.0 = Release|Any CPU
		{ABF78138-9CDF-44F1-9F20-574259B1B5BE}.Debug|Any CPU.ActiveCfg = Debug|Any CPU
		{ABF78138-9CDF-44F1-9F20-574259B1B5BE}.Debug|Any CPU.Build.0 = Debug|Any CPU
		{ABF78138-9CDF-44F1-9F20-574259B1B5BE}.Release|Any CPU.ActiveCfg = Release|Any CPU
		{ABF78138-9CDF-44F1-9F20-574259B1B5BE}.Release|Any CPU.Build.0 = Release|Any CPU
		{58B2CE41-B9EF-4290-8585-D7A77522FF2E}.Debug|Any CPU.ActiveCfg = Debug|Any CPU
		{58B2CE41-B9EF-4290-8585-D7A77522FF2E}.Debug|Any CPU.Build.0 = Debug|Any CPU
		{58B2CE41-B9EF-4290-8585-D7A77522FF2E}.Release|Any CPU.ActiveCfg = Release|Any CPU
		{58B2CE41-B9EF-4290-8585-D7A77522FF2E}.Release|Any CPU.Build.0 = Release|Any CPU
	EndGlobalSection
	GlobalSection(SolutionProperties) = preSolution
		HideSolutionNode = FALSE
	EndGlobalSection
	GlobalSection(NestedProjects) = preSolution
		{7FF6B648-6B8B-4C67-BD7D-072F431ACFD7} = {02EA681E-C7D8-13C7-8484-4AC65E1B71E8}
		{3448D38B-FDCF-40F4-938A-19C9A98F57F8} = {02EA681E-C7D8-13C7-8484-4AC65E1B71E8}
		{1164E13F-6BF5-4C52-BA65-54F0D1E8340B} = {02EA681E-C7D8-13C7-8484-4AC65E1B71E8}
		{99169BFA-932B-46FA-A63B-BE0F9048A95B} = {49044585-7C44-43FD-9344-2670B982C7B1}
		{F8EC6B69-4DDF-4810-AC8A-6022E9FB4135} = {49044585-7C44-43FD-9344-2670B982C7B1}
		{7EBB63E3-A1D4-4075-8132-26B6E49BDCFA} = {6C69C04A-6011-4EB5-8798-93DCB9AC95CC}
		{E329AFC8-4B63-41F6-B03A-0C6BC1570E50} = {6C69C04A-6011-4EB5-8798-93DCB9AC95CC}
		{9DD4E8A9-6C43-4DBD-92E2-0E60AA464AF2} = {6C69C04A-6011-4EB5-8798-93DCB9AC95CC}
		{831416FC-E90C-4125-A56E-DCCA0F1E1520} = {48D853D0-C240-4F2C-A801-CBADDDEC8F97}
		{ABF78138-9CDF-44F1-9F20-574259B1B5BE} = {48D853D0-C240-4F2C-A801-CBADDDEC8F97}
		{58B2CE41-B9EF-4290-8585-D7A77522FF2E} = {48D853D0-C240-4F2C-A801-CBADDDEC8F97}
	EndGlobalSection
	GlobalSection(ExtensibilityGlobals) = postSolution
		SolutionGuid = {B29F2E80-070C-4DA8-86E2-5E461B786A3F}
	EndGlobalSection
EndGlobal
